
Microsoft Visual Studio Solution File, Format Version 12.00
# Visual Studio Version 16
VisualStudioVersion = 16.0.32901.82
MinimumVisualStudioVersion = 10.0.40219.1
Project("{9A19103F-16F7-4668-BE54-9A1E7A4F7556}") = "Brocker", "Brocker\Brocker.csproj", "{D966EFED-A32B-4C25-BEC8-2F6911AB23CC}"
EndProject
Project("{9A19103F-16F7-4668-BE54-9A1E7A4F7556}") = "Common", "Common\Common.csproj", "{B6A782EE-F0F8-44A2-B531-366562C56F98}"
EndProject
Project("{FAE04EC0-301F-11D3-BF4B-00C04F79EFBC}") = "Sender", "Sender\Sender.csproj", "{180727AD-0EC1-43A5-9294-C47B7BB9EEEE}"
EndProject
Project("{FAE04EC0-301F-11D3-BF4B-00C04F79EFBC}") = "Receiver", "Receiver\Receiver.csproj", "{952BB8E1-9EBF-490E-ACAB-89B2A256FF07}"
EndProject
Global
	GlobalSection(SolutionConfigurationPlatforms) = preSolution
		Debug|Any CPU = Debug|Any CPU
		Release|Any CPU = Release|Any CPU
	EndGlobalSection
	GlobalSection(ProjectConfigurationPlatforms) = postSolution
		{D966EFED-A32B-4C25-BEC8-2F6911AB23CC}.Debug|Any CPU.ActiveCfg = Debug|Any CPU
		{D966EFED-A32B-4C25-BEC8-2F6911AB23CC}.Debug|Any CPU.Build.0 = Debug|Any CPU
		{D966EFED-A32B-4C25-BEC8-2F6911AB23CC}.Release|Any CPU.ActiveCfg = Release|Any CPU
		{D966EFED-A32B-4C25-BEC8-2F6911AB23CC}.Release|Any CPU.Build.0 = Release|Any CPU
		{B6A782EE-F0F8-44A2-B531-366562C56F98}.Debug|Any CPU.ActiveCfg = Debug|Any CPU
		{B6A782EE-F0F8-44A2-B531-366562C56F98}.Debug|Any CPU.Build.0 = Debug|Any CPU
		{B6A782EE-F0F8-44A2-B531-366562C56F98}.Release|Any CPU.ActiveCfg = Release|Any CPU
		{B6A782EE-F0F8-44A2-B531-366562C56F98}.Release|Any CPU.Build.0 = Release|Any CPU
		{180727AD-0EC1-43A5-9294-C47B7BB9EEEE}.Debug|Any CPU.ActiveCfg = Debug|Any CPU
		{180727AD-0EC1-43A5-9294-C47B7BB9EEEE}.Debug|Any CPU.Build.0 = Debug|Any CPU
		{180727AD-0EC1-43A5-9294-C47B7BB9EEEE}.Release|Any CPU.ActiveCfg = Release|Any CPU
		{180727AD-0EC1-43A5-9294-C47B7BB9EEEE}.Release|Any CPU.Build.0 = Release|Any CPU
		{952BB8E1-9EBF-490E-ACAB-89B2A256FF07}.Debug|Any CPU.ActiveCfg = Debug|Any CPU
		{952BB8E1-9EBF-490E-ACAB-89B2A256FF07}.Debug|Any CPU.Build.0 = Debug|Any CPU
		{952BB8E1-9EBF-490E-ACAB-89B2A256FF07}.Release|Any CPU.ActiveCfg = Release|Any CPU
		{952BB8E1-9EBF-490E-ACAB-89B2A256FF07}.Release|Any CPU.Build.0 = Release|Any CPU
	EndGlobalSection
	GlobalSection(SolutionProperties) = preSolution
		HideSolutionNode = FALSE
	EndGlobalSection
	GlobalSection(ExtensibilityGlobals) = postSolution
		SolutionGuid = {22E10469-9BF2-496A-88B7-1E117E97EFFB}
	EndGlobalSection
EndGlobal
